
Microsoft Visual Studio Solution File, Format Version 12.00
# Visual Studio Version 16
VisualStudioVersion = 16.0.31702.278
MinimumVisualStudioVersion = 10.0.40219.1
Project("{FAE04EC0-301F-11D3-BF4B-00C04F79EFBC}") = "VisorImagenesStyled", "VisorImagenesStyled\VisorImagenesStyled.csproj", "{0C4D144E-7195-4AE6-AD6D-ADEED7742CFE}"
EndProject
Global
	GlobalSection(SolutionConfigurationPlatforms) = preSolution
		Debug|Any CPU = Debug|Any CPU
		Release|Any CPU = Release|Any CPU
	EndGlobalSection
	GlobalSection(ProjectConfigurationPlatforms) = postSolution
		{0C4D144E-7195-4AE6-AD6D-ADEED7742CFE}.Debug|Any CPU.ActiveCfg = Debug|Any CPU
		{0C4D144E-7195-4AE6-AD6D-ADEED7742CFE}.Debug|Any CPU.Build.0 = Debug|Any CPU
		{0C4D144E-7195-4AE6-AD6D-ADEED7742CFE}.Release|Any CPU.ActiveCfg = Release|Any CPU
		{0C4D144E-7195-4AE6-AD6D-ADEED7742CFE}.Release|Any CPU.Build.0 = Release|Any CPU
	EndGlobalSection
	GlobalSection(SolutionProperties) = preSolution
		HideSolutionNode = FALSE
	EndGlobalSection
	GlobalSection(ExtensibilityGlobals) = postSolution
		SolutionGuid = {D4104479-2F6C-4550-9411-DCCA9C7E96B9}
	EndGlobalSection
EndGlobal
